
Microsoft Visual Studio Solution File, Format Version 12.00
# Visual Studio Version 17
VisualStudioVersion = 17.5.33424.131
MinimumVisualStudioVersion = 10.0.40219.1
Project("{9A19103F-16F7-4668-BE54-9A1E7A4F7556}") = "CapstoneWebApp", "CapstoneWebApp\CapstoneWebApp.csproj", "{37D5E78E-7D89-4B96-BBC2-53618EBE50A5}"
EndProject
Global
	GlobalSection(SolutionConfigurationPlatforms) = preSolution
		Debug|Any CPU = Debug|Any CPU
		Release|Any CPU = Release|Any CPU
	EndGlobalSection
	GlobalSection(ProjectConfigurationPlatforms) = postSolution
		{37D5E78E-7D89-4B96-BBC2-53618EBE50A5}.Debug|Any CPU.ActiveCfg = Debug|Any CPU
		{37D5E78E-7D89-4B96-BBC2-53618EBE50A5}.Debug|Any CPU.Build.0 = Debug|Any CPU
		{37D5E78E-7D89-4B96-BBC2-53618EBE50A5}.Release|Any CPU.ActiveCfg = Release|Any CPU
		{37D5E78E-7D89-4B96-BBC2-53618EBE50A5}.Release|Any CPU.Build.0 = Release|Any CPU
	EndGlobalSection
	GlobalSection(SolutionProperties) = preSolution
		HideSolutionNode = FALSE
	EndGlobalSection
	GlobalSection(ExtensibilityGlobals) = postSolution
		SolutionGuid = {EA530C65-6E35-4F45-B474-1A0F92ABE58C}
	EndGlobalSection
EndGlobal
